
Microsoft Visual Studio Solution File, Format Version 12.00
# Visual Studio Version 17
VisualStudioVersion = 17.14.36511.14 d17.14
MinimumVisualStudioVersion = 10.0.40219.1
Project("{FAE04EC0-301F-11D3-BF4B-00C04F79EFBC}") = "Czemi.LogicMethods", "Czemi.LogicMethods\Czemi.LogicMethods.csproj", "{FFF44452-95FF-4A3B-ACA5-533AA281946A}"
EndProject
Global
	GlobalSection(SolutionConfigurationPlatforms) = preSolution
		Debug|Any CPU = Debug|Any CPU
		Release|Any CPU = Release|Any CPU
	EndGlobalSection
	GlobalSection(ProjectConfigurationPlatforms) = postSolution
		{FFF44452-95FF-4A3B-ACA5-533AA281946A}.Debug|Any CPU.ActiveCfg = Debug|Any CPU
		{FFF44452-95FF-4A3B-ACA5-533AA281946A}.Debug|Any CPU.Build.0 = Debug|Any CPU
		{FFF44452-95FF-4A3B-ACA5-533AA281946A}.Release|Any CPU.ActiveCfg = Release|Any CPU
		{FFF44452-95FF-4A3B-ACA5-533AA281946A}.Release|Any CPU.Build.0 = Release|Any CPU
	EndGlobalSection
	GlobalSection(SolutionProperties) = preSolution
		HideSolutionNode = FALSE
	EndGlobalSection
	GlobalSection(ExtensibilityGlobals) = postSolution
		SolutionGuid = {EAFD0025-7172-41EB-A002-AFF57FD9D3F3}
	EndGlobalSection
EndGlobal
